
Microsoft Visual Studio Solution File, Format Version 12.00
# Visual Studio Version 16
VisualStudioVersion = 16.0.30330.147
MinimumVisualStudioVersion = 10.0.40219.1
Project("{9A19103F-16F7-4668-BE54-9A1E7A4F7556}") = "Gamykla", "Gamykla\Gamykla.csproj", "{0E506298-7DBB-49CC-B5BA-BDBBC59EC1D8}"
EndProject
Project("{9A19103F-16F7-4668-BE54-9A1E7A4F7556}") = "Kainos", "Kainos\Kainos.csproj", "{8459DF84-5BDB-49EF-ADA0-B94B7CC8A4DD}"
EndProject
Global
	GlobalSection(SolutionConfigurationPlatforms) = preSolution
		Debug|Any CPU = Debug|Any CPU
		Release|Any CPU = Release|Any CPU
	EndGlobalSection
	GlobalSection(ProjectConfigurationPlatforms) = postSolution
		{0E506298-7DBB-49CC-B5BA-BDBBC59EC1D8}.Debug|Any CPU.ActiveCfg = Debug|Any CPU
		{0E506298-7DBB-49CC-B5BA-BDBBC59EC1D8}.Debug|Any CPU.Build.0 = Debug|Any CPU
		{0E506298-7DBB-49CC-B5BA-BDBBC59EC1D8}.Release|Any CPU.ActiveCfg = Release|Any CPU
		{0E506298-7DBB-49CC-B5BA-BDBBC59EC1D8}.Release|Any CPU.Build.0 = Release|Any CPU
		{8459DF84-5BDB-49EF-ADA0-B94B7CC8A4DD}.Debug|Any CPU.ActiveCfg = Debug|Any CPU
		{8459DF84-5BDB-49EF-ADA0-B94B7CC8A4DD}.Debug|Any CPU.Build.0 = Debug|Any CPU
		{8459DF84-5BDB-49EF-ADA0-B94B7CC8A4DD}.Release|Any CPU.ActiveCfg = Release|Any CPU
		{8459DF84-5BDB-49EF-ADA0-B94B7CC8A4DD}.Release|Any CPU.Build.0 = Release|Any CPU
	EndGlobalSection
	GlobalSection(SolutionProperties) = preSolution
		HideSolutionNode = FALSE
	EndGlobalSection
	GlobalSection(ExtensibilityGlobals) = postSolution
		SolutionGuid = {578CC6A4-E31A-4143-955C-4012A4456D5C}
	EndGlobalSection
EndGlobal
